
Microsoft Visual Studio Solution File, Format Version 12.00
# Visual Studio Version 16
VisualStudioVersion = 16.0.32002.261
MinimumVisualStudioVersion = 10.0.40219.1
Project("{888888A0-9F3D-457C-B088-3A5042F75D52}") = "PythonGlueUpApplication", "PythonGlueUpApplication.pyproj", "{8626ACCE-6659-435C-9E60-E22C400CD92C}"
EndProject
Global
	GlobalSection(SolutionConfigurationPlatforms) = preSolution
		Debug|Any CPU = Debug|Any CPU
		Release|Any CPU = Release|Any CPU
	EndGlobalSection
	GlobalSection(ProjectConfigurationPlatforms) = postSolution
		{8626ACCE-6659-435C-9E60-E22C400CD92C}.Debug|Any CPU.ActiveCfg = Debug|Any CPU
		{8626ACCE-6659-435C-9E60-E22C400CD92C}.Release|Any CPU.ActiveCfg = Release|Any CPU
	EndGlobalSection
	GlobalSection(SolutionProperties) = preSolution
		HideSolutionNode = FALSE
	EndGlobalSection
	GlobalSection(ExtensibilityGlobals) = postSolution
		SolutionGuid = {C4974F1D-487A-47E6-B4EF-E9D8FEA01FE6}
	EndGlobalSection
EndGlobal
